
Microsoft Visual Studio Solution File, Format Version 12.00
# Visual Studio 15
VisualStudioVersion = 15.0.28307.1684
MinimumVisualStudioVersion = 10.0.40219.1
Project("{FAE04EC0-301F-11D3-BF4B-00C04F79EFBC}") = "CalculadoIphone", "CalculadoIphone\CalculadoIphone.csproj", "{540FDA43-6974-403F-B7D1-8C56714D9D2E}"
EndProject
Global
	GlobalSection(SolutionConfigurationPlatforms) = preSolution
		Debug|Any CPU = Debug|Any CPU
		Release|Any CPU = Release|Any CPU
	EndGlobalSection
	GlobalSection(ProjectConfigurationPlatforms) = postSolution
		{540FDA43-6974-403F-B7D1-8C56714D9D2E}.Debug|Any CPU.ActiveCfg = Debug|Any CPU
		{540FDA43-6974-403F-B7D1-8C56714D9D2E}.Debug|Any CPU.Build.0 = Debug|Any CPU
		{540FDA43-6974-403F-B7D1-8C56714D9D2E}.Release|Any CPU.ActiveCfg = Release|Any CPU
		{540FDA43-6974-403F-B7D1-8C56714D9D2E}.Release|Any CPU.Build.0 = Release|Any CPU
	EndGlobalSection
	GlobalSection(SolutionProperties) = preSolution
		HideSolutionNode = FALSE
	EndGlobalSection
	GlobalSection(ExtensibilityGlobals) = postSolution
		SolutionGuid = {FF37DE0B-7BAC-48C1-A235-CB417355FB61}
	EndGlobalSection
EndGlobal
